
Microsoft Visual Studio Solution File, Format Version 12.00
# Visual Studio Version 17
VisualStudioVersion = 17.9.34728.123
MinimumVisualStudioVersion = 10.0.40219.1
Project("{FAE04EC0-301F-11D3-BF4B-00C04F79EFBC}") = "OpenAiToolsLibrary", "OpenAiToolsLibrary\OpenAiToolsLibrary.csproj", "{3F6128AC-04F2-4043-8666-6824EE4F55FD}"
EndProject
Global
	GlobalSection(SolutionConfigurationPlatforms) = preSolution
		Debug|Any CPU = Debug|Any CPU
		Release|Any CPU = Release|Any CPU
	EndGlobalSection
	GlobalSection(ProjectConfigurationPlatforms) = postSolution
		{3F6128AC-04F2-4043-8666-6824EE4F55FD}.Debug|Any CPU.ActiveCfg = Debug|Any CPU
		{3F6128AC-04F2-4043-8666-6824EE4F55FD}.Debug|Any CPU.Build.0 = Debug|Any CPU
		{3F6128AC-04F2-4043-8666-6824EE4F55FD}.Release|Any CPU.ActiveCfg = Release|Any CPU
		{3F6128AC-04F2-4043-8666-6824EE4F55FD}.Release|Any CPU.Build.0 = Release|Any CPU
	EndGlobalSection
	GlobalSection(SolutionProperties) = preSolution
		HideSolutionNode = FALSE
	EndGlobalSection
	GlobalSection(ExtensibilityGlobals) = postSolution
		SolutionGuid = {6390C585-5207-44D9-AA13-D3AB590EC0DC}
	EndGlobalSection
EndGlobal
